// !$*UTF8*$!
{
	archiveVersion = 1;
	classes = {
	};
	objectVersion = 50;
	objects = {

/* Begin PBXBuildFile section */
		440A62062420DA3A006C74E1 /* MenuViewController.swift in Sources */ = {isa = PBXBuildFile; fileRef = 440A62052420DA3A006C74E1 /* MenuViewController.swift */; };
		440A620A2420E9D9006C74E1 /* HomeViewController.swift in Sources */ = {isa = PBXBuildFile; fileRef = 440A62092420E9D9006C74E1 /* HomeViewController.swift */; };
		44FB6AFE2421C12D0003241D /* SlideInTransition.swift in Sources */ = {isa = PBXBuildFile; fileRef = 44FB6AFD2421C12D0003241D /* SlideInTransition.swift */; };
		44FB6B002421FB030003241D /* MoveObjectViewController.swift in Sources */ = {isa = PBXBuildFile; fileRef = 44FB6AFF2421FB030003241D /* MoveObjectViewController.swift */; };
		44FB6B02242202DD0003241D /* RandomViewController.swift in Sources */ = {isa = PBXBuildFile; fileRef = 44FB6B01242202DD0003241D /* RandomViewController.swift */; };
		44FB6B04242202EF0003241D /* GestureViewController.swift in Sources */ = {isa = PBXBuildFile; fileRef = 44FB6B03242202EF0003241D /* GestureViewController.swift */; };
		8F6456502420AA3B00FBB608 /* AppDelegate.swift in Sources */ = {isa = PBXBuildFile; fileRef = 8F64564F2420AA3B00FBB608 /* AppDelegate.swift */; };
		8F6456522420AA3B00FBB608 /* SceneDelegate.swift in Sources */ = {isa = PBXBuildFile; fileRef = 8F6456512420AA3B00FBB608 /* SceneDelegate.swift */; };
		8F6456572420AA3B00FBB608 /* Main.storyboard in Resources */ = {isa = PBXBuildFile; fileRef = 8F6456552420AA3B00FBB608 /* Main.storyboard */; };
		8F6456592420AA3C00FBB608 /* Assets.xcassets in Resources */ = {isa = PBXBuildFile; fileRef = 8F6456582420AA3C00FBB608 /* Assets.xcassets */; };
		8F64565C2420AA3C00FBB608 /* LaunchScreen.storyboard in Resources */ = {isa = PBXBuildFile; fileRef = 8F64565A2420AA3C00FBB608 /* LaunchScreen.storyboard */; };
/* End PBXBuildFile section */

/* Begin PBXFileReference section */
		440A62052420DA3A006C74E1 /* MenuViewController.swift */ = {isa = PBXFileReference; lastKnownFileType = sourcecode.swift; path = MenuViewController.swift; sourceTree = "<group>"; };
		440A62092420E9D9006C74E1 /* HomeViewController.swift */ = {isa = PBXFileReference; lastKnownFileType = sourcecode.swift; path = HomeViewController.swift; sourceTree = "<group>"; };
		44FB6AFD2421C12D0003241D /* SlideInTransition.swift */ = {isa = PBXFileReference; lastKnownFileType = sourcecode.swift; path = SlideInTransition.swift; sourceTree = "<group>"; };
		44FB6AFF2421FB030003241D /* MoveObjectViewController.swift */ = {isa = PBXFileReference; lastKnownFileType = sourcecode.swift; path = MoveObjectViewController.swift; sourceTree = "<group>"; };
		44FB6B01242202DD0003241D /* RandomViewController.swift */ = {isa = PBXFileReference; lastKnownFileType = sourcecode.swift; path = RandomViewController.swift; sourceTree = "<group>"; };
		44FB6B03242202EF0003241D /* GestureViewController.swift */ = {isa = PBXFileReference; lastKnownFileType = sourcecode.swift; path = GestureViewController.swift; sourceTree = "<group>"; };
		8F64564C2420AA3B00FBB608 /* iOS_app_storyboard.app */ = {isa = PBXFileReference; explicitFileType = wrapper.application; includeInIndex = 0; path = iOS_app_storyboard.app; sourceTree = BUILT_PRODUCTS_DIR; };
		8F64564F2420AA3B00FBB608 /* AppDelegate.swift */ = {isa = PBXFileReference; lastKnownFileType = sourcecode.swift; path = AppDelegate.swift; sourceTree = "<group>"; };
		8F6456512420AA3B00FBB608 /* SceneDelegate.swift */ = {isa = PBXFileReference; lastKnownFileType = sourcecode.swift; path = SceneDelegate.swift; sourceTree = "<group>"; };
		8F6456562420AA3B00FBB608 /* Base */ = {isa = PBXFileReference; lastKnownFileType = file.storyboard; name = Base; path = Base.lproj/Main.storyboard; sourceTree = "<group>"; };
		8F6456582420AA3C00FBB608 /* Assets.xcassets */ = {isa = PBXFileReference; lastKnownFileType = folder.assetcatalog; path = Assets.xcassets; sourceTree = "<group>"; };
		8F64565B2420AA3C00FBB608 /* Base */ = {isa = PBXFileReference; lastKnownFileType = file.storyboard; name = Base; path = Base.lproj/LaunchScreen.storyboard; sourceTree = "<group>"; };
		8F64565D2420AA3C00FBB608 /* Info.plist */ = {isa = PBXFileReference; lastKnownFileType = text.plist.xml; path = Info.plist; sourceTree = "<group>"; };
/* End PBXFileReference section */

/* Begin PBXFrameworksBuildPhase section */
		8F6456492420AA3B00FBB608 /* Frameworks */ = {
			isa = PBXFrameworksBuildPhase;
			buildActionMask = 2147483647;
			files = (
			);
			runOnlyForDeploymentPostprocessing = 0;
		};
/* End PBXFrameworksBuildPhase section */

/* Begin PBXGroup section */
		440A62022420D556006C74E1 /* Controller */ = {
			isa = PBXGroup;
			children = (
				440A62052420DA3A006C74E1 /* MenuViewController.swift */,
				440A62092420E9D9006C74E1 /* HomeViewController.swift */,
				44FB6AFD2421C12D0003241D /* SlideInTransition.swift */,
				44FB6AFF2421FB030003241D /* MoveObjectViewController.swift */,
				44FB6B01242202DD0003241D /* RandomViewController.swift */,
				44FB6B03242202EF0003241D /* GestureViewController.swift */,
			);
			path = Controller;
			sourceTree = "<group>";
		};
		440A62032420D55F006C74E1 /* Model */ = {
			isa = PBXGroup;
			children = (
			);
			path = Model;
			sourceTree = "<group>";
		};
		440A62042420D565006C74E1 /* View */ = {
			isa = PBXGroup;
			children = (
				8F6456552420AA3B00FBB608 /* Main.storyboard */,
			);
			path = View;
			sourceTree = "<group>";
		};
		8F6456432420AA3B00FBB608 = {
			isa = PBXGroup;
			children = (
				8F64564E2420AA3B00FBB608 /* iOS_app_storyboard */,
				8F64564D2420AA3B00FBB608 /* Products */,
			);
			sourceTree = "<group>";
		};
		8F64564D2420AA3B00FBB608 /* Products */ = {
			isa = PBXGroup;
			children = (
				8F64564C2420AA3B00FBB608 /* iOS_app_storyboard.app */,
			);
			name = Products;
			sourceTree = "<group>";
		};
		8F64564E2420AA3B00FBB608 /* iOS_app_storyboard */ = {
			isa = PBXGroup;
			children = (
				440A62042420D565006C74E1 /* View */,
				440A62032420D55F006C74E1 /* Model */,
				440A62022420D556006C74E1 /* Controller */,
				8F64564F2420AA3B00FBB608 /* AppDelegate.swift */,
				8F6456512420AA3B00FBB608 /* SceneDelegate.swift */,
				8F6456582420AA3C00FBB608 /* Assets.xcassets */,
				8F64565A2420AA3C00FBB608 /* LaunchScreen.storyboard */,
				8F64565D2420AA3C00FBB608 /* Info.plist */,
			);
			path = iOS_app_storyboard;
			sourceTree = "<group>";
		};
/* End PBXGroup section */

/* Begin PBXNativeTarget section */
		8F64564B2420AA3B00FBB608 /* iOS_app_storyboard */ = {
			isa = PBXNativeTarget;
			buildConfigurationList = 8F6456602420AA3C00FBB608 /* Build configuration list for PBXNativeTarget "iOS_app_storyboard" */;
			buildPhases = (
				8F6456482420AA3B00FBB608 /* Sources */,
				8F6456492420AA3B00FBB608 /* Frameworks */,
				8F64564A2420AA3B00FBB608 /* Resources */,
			);
			buildRules = (
			);
			dependencies = (
			);
			name = iOS_app_storyboard;
			productName = iOS_app_storyboard;
			productReference = 8F64564C2420AA3B00FBB608 /* iOS_app_storyboard.app */;
			productType = "com.apple.product-type.application";
		};
/* End PBXNativeTarget section */

/* Begin PBXProject section */
		8F6456442420AA3B00FBB608 /* Project object */ = {
			isa = PBXProject;
			attributes = {
				LastSwiftUpdateCheck = 1130;
				LastUpgradeCheck = 1130;
				ORGANIZATIONNAME = deloitte;
				TargetAttributes = {
					8F64564B2420AA3B00FBB608 = {
						CreatedOnToolsVersion = 11.3.1;
					};
				};
			};
			buildConfigurationList = 8F6456472420AA3B00FBB608 /* Build configuration list for PBXProject "iOS_app_storyboard" */;
			compatibilityVersion = "Xcode 9.3";
			developmentRegion = en;
			hasScannedForEncodings = 0;
			knownRegions = (
				en,
				Base,
			);
			mainGroup = 8F6456432420AA3B00FBB608;
			productRefGroup = 8F64564D2420AA3B00FBB608 /* Products */;
			projectDirPath = "";
			projectRoot = "";
			targets = (
				8F64564B2420AA3B00FBB608 /* iOS_app_storyboard */,
			);
		};
/* End PBXProject section */

/* Begin PBXResourcesBuildPhase section */
		8F64564A2420AA3B00FBB608 /* Resources */ = {
			isa = PBXResourcesBuildPhase;
			buildActionMask = 2147483647;
			files = (
				8F64565C2420AA3C00FBB608 /* LaunchScreen.storyboard in Resources */,
				8F6456592420AA3C00FBB608 /* Assets.xcassets in Resources */,
				8F6456572420AA3B00FBB608 /* Main.storyboard in Resources */,
			);
			runOnlyForDeploymentPostprocessing = 0;
		};
/* End PBXResourcesBuildPhase section */

/* Begin PBXSourcesBuildPhase section */
		8F6456482420AA3B00FBB608 /* Sources */ = {
			isa = PBXSourcesBuildPhase;
			buildActionMask = 2147483647;
			files = (
				440A620A2420E9D9006C74E1 /* HomeViewController.swift in Sources */,
				8F6456502420AA3B00FBB608 /* AppDelegate.swift in Sources */,
				44FB6AFE2421C12D0003241D /* SlideInTransition.swift in Sources */,
				8F6456522420AA3B00FBB608 /* SceneDelegate.swift in Sources */,
				44FB6B02242202DD0003241D /* RandomViewController.swift in Sources */,
				44FB6B04242202EF0003241D /* GestureViewController.swift in Sources */,
				44FB6B002421FB030003241D /* MoveObjectViewController.swift in Sources */,
				440A62062420DA3A006C74E1 /* MenuViewController.swift in Sources */,
			);
			runOnlyForDeploymentPostprocessing = 0;
		};
/* End PBXSourcesBuildPhase section */

/* Begin PBXVariantGroup section */
		8F6456552420AA3B00FBB608 /* Main.storyboard */ = {
			isa = PBXVariantGroup;
			children = (
				8F6456562420AA3B00FBB608 /* Base */,
			);
			name = Main.storyboard;
			sourceTree = "<group>";
		};
		8F64565A2420AA3C00FBB608 /* LaunchScreen.storyboard */ = {
			isa = PBXVariantGroup;
			children = (
				8F64565B2420AA3C00FBB608 /* Base */,
			);
			name = LaunchScreen.storyboard;
			sourceTree = "<group>";
		};
/* End PBXVariantGroup section */

/* Begin XCBuildConfiguration section */
		8F64565E2420AA3C00FBB608 /* Debug */ = {
			isa = XCBuildConfiguration;
			buildSettings = {
				ALWAYS_SEARCH_USER_PATHS = NO;
				CLANG_ANALYZER_NONNULL = YES;
				CLANG_ANALYZER_NUMBER_OBJECT_CONVERSION = YES_AGGRESSIVE;
				CLANG_CXX_LANGUAGE_STANDARD = "gnu++14";
				CLANG_CXX_LIBRARY = "libc++";
				CLANG_ENABLE_MODULES = YES;
				CLANG_ENABLE_OBJC_ARC = YES;
				CLANG_ENABLE_OBJC_WEAK = YES;
				CLANG_WARN_BLOCK_CAPTURE_AUTORELEASING = YES;
				CLANG_WARN_BOOL_CONVERSION = YES;
				CLANG_WARN_COMMA = YES;
				CLANG_WARN_CONSTANT_CONVERSION = YES;
				CLANG_WARN_DEPRECATED_OBJC_IMPLEMENTATIONS = YES;
				CLANG_WARN_DIRECT_OBJC_ISA_USAGE = YES_ERROR;
				CLANG_WARN_DOCUMENTATION_COMMENTS = YES;
				CLANG_WARN_EMPTY_BODY = YES;
				CLANG_WARN_ENUM_CONVERSION = YES;
				CLANG_WARN_INFINITE_RECURSION = YES;
				CLANG_WARN_INT_CONVERSION = YES;
				CLANG_WARN_NON_LITERAL_NULL_CONVERSION = YES;
				CLANG_WARN_OBJC_IMPLICIT_RETAIN_SELF = YES;
				CLANG_WARN_OBJC_LITERAL_CONVERSION = YES;
				CLANG_WARN_OBJC_ROOT_CLASS = YES_ERROR;
				CLANG_WARN_RANGE_LOOP_ANALYSIS = YES;
				CLANG_WARN_STRICT_PROTOTYPES = YES;
				CLANG_WARN_SUSPICIOUS_MOVE = YES;
				CLANG_WARN_UNGUARDED_AVAILABILITY = YES_AGGRESSIVE;
				CLANG_WARN_UNREACHABLE_CODE = YES;
				CLANG_WARN__DUPLICATE_METHOD_MATCH = YES;
				COPY_PHASE_STRIP = NO;
				DEBUG_INFORMATION_FORMAT = dwarf;
				ENABLE_STRICT_OBJC_MSGSEND = YES;
				ENABLE_TESTABILITY = YES;
				GCC_C_LANGUAGE_STANDARD = gnu11;
				GCC_DYNAMIC_NO_PIC = NO;
				GCC_NO_COMMON_BLOCKS = YES;
				GCC_OPTIMIZATION_LEVEL = 0;
				GCC_PREPROCESSOR_DEFINITIONS = (
					"DEBUG=1",
					"$(inherited)",
				);
				GCC_WARN_64_TO_32_BIT_CONVERSION = YES;
				GCC_WARN_ABOUT_RETURN_TYPE = YES_ERROR;
				GCC_WARN_UNDECLARED_SELECTOR = YES;
				GCC_WARN_UNINITIALIZED_AUTOS = YES_AGGRESSIVE;
				GCC_WARN_UNUSED_FUNCTION = YES;
				GCC_WARN_UNUSED_VARIABLE = YES;
				IPHONEOS_DEPLOYMENT_TARGET = 13.2;
				MTL_ENABLE_DEBUG_INFO = INCLUDE_SOURCE;
				MTL_FAST_MATH = YES;
				ONLY_ACTIVE_ARCH = YES;
				SDKROOT = iphoneos;
				SWIFT_ACTIVE_COMPILATION_CONDITIONS = DEBUG;
				SWIFT_OPTIMIZATION_LEVEL = "-Onone";
			};
			name = Debug;
		};
		8F64565F2420AA3C00FBB608 /* Release */ = {
			isa = XCBuildConfiguration;
			buildSettings = {
				ALWAYS_SEARCH_USER_PATHS = NO;
				CLANG_ANALYZER_NONNULL = YES;
				CLANG_ANALYZER_NUMBER_OBJECT_CONVERSION = YES_AGGRESSIVE;
				CLANG_CXX_LANGUAGE_STANDARD = "gnu++14";
				CLANG_CXX_LIBRARY = "libc++";
				CLANG_ENABLE_MODULES = YES;
				CLANG_ENABLE_OBJC_ARC = YES;
				CLANG_ENABLE_OBJC_WEAK = YES;
				CLANG_WARN_BLOCK_CAPTURE_AUTORELEASING = YES;
				CLANG_WARN_BOOL_CONVERSION = YES;
				CLANG_WARN_COMMA = YES;
				CLANG_WARN_CONSTANT_CONVERSION = YES;
				CLANG_WARN_DEPRECATED_OBJC_IMPLEMENTATIONS = YES;
				CLANG_WARN_DIRECT_OBJC_ISA_USAGE = YES_ERROR;
				CLANG_WARN_DOCUMENTATION_COMMENTS = YES;
				CLANG_WARN_EMPTY_BODY = YES;
				CLANG_WARN_ENUM_CONVERSION = YES;
				CLANG_WARN_INFINITE_RECURSION = YES;
				CLANG_WARN_INT_CONVERSION = YES;
				CLANG_WARN_NON_LITERAL_NULL_CONVERSION = YES;
				CLANG_WARN_OBJC_IMPLICIT_RETAIN_SELF = YES;
				CLANG_WARN_OBJC_LITERAL_CONVERSION = YES;
				CLANG_WARN_OBJC_ROOT_CLASS = YES_ERROR;
				CLANG_WARN_RANGE_LOOP_ANALYSIS = YES;
				CLANG_WARN_STRICT_PROTOTYPES = YES;
				CLANG_WARN_SUSPICIOUS_MOVE = YES;
				CLANG_WARN_UNGUARDED_AVAILABILITY = YES_AGGRESSIVE;
				CLANG_WARN_UNREACHABLE_CODE = YES;
				CLANG_WARN__DUPLICATE_METHOD_MATCH = YES;
				COPY_PHASE_STRIP = NO;
				DEBUG_INFORMATION_FORMAT = "dwarf-with-dsym";
				ENABLE_NS_ASSERTIONS = NO;
				ENABLE_STRICT_OBJC_MSGSEND = YES;
				GCC_C_LANGUAGE_STANDARD = gnu11;
				GCC_NO_COMMON_BLOCKS = YES;
				GCC_WARN_64_TO_32_BIT_CONVERSION = YES;
				GCC_WARN_ABOUT_RETURN_TYPE = YES_ERROR;
				GCC_WARN_UNDECLARED_SELECTOR = YES;
				GCC_WARN_UNINITIALIZED_AUTOS = YES_AGGRESSIVE;
				GCC_WARN_UNUSED_FUNCTION = YES;
				GCC_WARN_UNUSED_VARIABLE = YES;
				IPHONEOS_DEPLOYMENT_TARGET = 13.2;
				MTL_ENABLE_DEBUG_INFO = NO;
				MTL_FAST_MATH = YES;
				SDKROOT = iphoneos;
				SWIFT_COMPILATION_MODE = wholemodule;
				SWIFT_OPTIMIZATION_LEVEL = "-O";
				VALIDATE_PRODUCT = YES;
			};
			name = Release;
		};
		8F6456612420AA3C00FBB608 /* Debug */ = {
			isa = XCBuildConfiguration;
			buildSettings = {
				ASSETCATALOG_COMPILER_APPICON_NAME = AppIcon;
				CODE_SIGN_STYLE = Automatic;
				INFOPLIST_FILE = iOS_app_storyboard/Info.plist;
				LD_RUNPATH_SEARCH_PATHS = (
					"$(inherited)",
					"@executable_path/Frameworks",
				);
				PRODUCT_BUNDLE_IDENTIFIER = "deloitte.iOS-app-storyboard";
				PRODUCT_NAME = "$(TARGET_NAME)";
				SWIFT_VERSION = 5.0;
				TARGETED_DEVICE_FAMILY = "1,2";
			};
			name = Debug;
		};
		8F6456622420AA3C00FBB608 /* Release */ = {
			isa = XCBuildConfiguration;
			buildSettings = {
				ASSETCATALOG_COMPILER_APPICON_NAME = AppIcon;
				CODE_SIGN_STYLE = Automatic;
				INFOPLIST_FILE = iOS_app_storyboard/Info.plist;
				LD_RUNPATH_SEARCH_PATHS = (
					"$(inherited)",
					"@executable_path/Frameworks",
				);
				PRODUCT_BUNDLE_IDENTIFIER = "deloitte.iOS-app-storyboard";
				PRODUCT_NAME = "$(TARGET_NAME)";
				SWIFT_VERSION = 5.0;
				TARGETED_DEVICE_FAMILY = "1,2";
			};
			name = Release;
		};
/* End XCBuildConfiguration section */

/* Begin XCConfigurationList section */
		8F6456472420AA3B00FBB608 /* Build configuration list for PBXProject "iOS_app_storyboard" */ = {
			isa = XCConfigurationList;
			buildConfigurations = (
				8F64565E2420AA3C00FBB608 /* Debug */,
				8F64565F2420AA3C00FBB608 /* Release */,
			);
			defaultConfigurationIsVisible = 0;
			defaultConfigurationName = Release;
		};
		8F6456602420AA3C00FBB608 /* Build configuration list for PBXNativeTarget "iOS_app_storyboard" */ = {
			isa = XCConfigurationList;
			buildConfigurations = (
				8F6456612420AA3C00FBB608 /* Debug */,
				8F6456622420AA3C00FBB608 /* Release */,
			);
			defaultConfigurationIsVisible = 0;
			defaultConfigurationName = Release;
		};
/* End XCConfigurationList section */
	};
	rootObject = 8F6456442420AA3B00FBB608 /* Project object */;
}
